
Microsoft Visual Studio Solution File, Format Version 12.00
Project("{2150E333-8FDC-42A3-9474-1A3956D46DE8}") = "Services", "Services", "{A203CE52-3A7E-4389-912E-51BF44CFBCB5}"
EndProject
Project("{2150E333-8FDC-42A3-9474-1A3956D46DE8}") = "Catalog", "Catalog", "{425F740E-64CF-49DB-A3F8-224A94AB9AD2}"
EndProject
Project("{FAE04EC0-301F-11D3-BF4B-00C04F79EFBC}") = "Catalog.API", "Services\Catalog\Catalog.API\Catalog.API.csproj", "{69A9820B-99D2-4364-B9D2-DA4E051B7690}"
EndProject
Project("{2150E333-8FDC-42A3-9474-1A3956D46DE8}") = "Solution Items", "Solution Items", "{4B237668-0F20-4905-8BDF-3317EBC2D49E}"
	ProjectSection(SolutionItems) = preProject
		docker-compose.yml = docker-compose.yml
		docker-compose.override.yml = docker-compose.override.yml
	EndProjectSection
EndProject
Project("{2150E333-8FDC-42A3-9474-1A3956D46DE8}") = "Basket", "Basket", "{FEC37A12-D7E6-4BED-B6C1-62E9A8EFABDA}"
EndProject
Project("{FAE04EC0-301F-11D3-BF4B-00C04F79EFBC}") = "Basket.API", "Services\Basket\Basket.API\Basket.API.csproj", "{B00A1BE3-7F52-481B-8643-A4388FAD4923}"
EndProject
Project("{2150E333-8FDC-42A3-9474-1A3956D46DE8}") = "Discount", "Discount", "{614E6BC7-97C4-4A27-A3A1-D70C61319951}"
EndProject
Project("{FAE04EC0-301F-11D3-BF4B-00C04F79EFBC}") = "Discount.API", "Services\Discount\Discount.API\Discount.API.csproj", "{5D382F00-6566-4C14-B386-DEFFA635DE8B}"
EndProject
Project("{FAE04EC0-301F-11D3-BF4B-00C04F79EFBC}") = "Discount.GRPC", "Services\Discount\Discount.GRPC\Discount.GRPC.csproj", "{CA703D7C-B796-4AD2-AF50-45F25B19154F}"
EndProject
Project("{2150E333-8FDC-42A3-9474-1A3956D46DE8}") = "Ordering", "Ordering", "{74ED13B0-C1B2-4B44-B9CE-72FF2C753DE6}"
EndProject
Project("{FAE04EC0-301F-11D3-BF4B-00C04F79EFBC}") = "Ordering.API", "Services\Ordering\Ordering.API\Ordering.API.csproj", "{C1723223-77CB-421E-9D95-97FDF6FEF36E}"
EndProject
Project("{FAE04EC0-301F-11D3-BF4B-00C04F79EFBC}") = "Ordering.Domain", "Services\Ordering\Ordering.Domain\Ordering.Domain.csproj", "{D4C9A998-E3DA-4BAA-BC0E-490F7564546F}"
EndProject
Project("{FAE04EC0-301F-11D3-BF4B-00C04F79EFBC}") = "Ordering.Application", "Services\Ordering\Ordering.Application\Ordering.Application.csproj", "{14C453CD-77B6-4882-BAE8-286D40FA5301}"
EndProject
Project("{FAE04EC0-301F-11D3-BF4B-00C04F79EFBC}") = "Ordering.Infrastructure", "Services\Ordering\Ordering.Infrastructure\Ordering.Infrastructure.csproj", "{E0359417-764A-4A4F-B5A9-53468F0AFD89}"
EndProject
Project("{2150E333-8FDC-42A3-9474-1A3956D46DE8}") = "BuildingBlocks", "BuildingBlocks", "{83C291F6-E7EA-4FF4-AD1B-B5DF3BBE4CFC}"
EndProject
Project("{FAE04EC0-301F-11D3-BF4B-00C04F79EFBC}") = "EventBus.Messages", "BuildingBlocks\EventBus.Messages\EventBus.Messages.csproj", "{B90B9858-32BC-47BE-BE1B-4F6B448DCD07}"
EndProject
Project("{2150E333-8FDC-42A3-9474-1A3956D46DE8}") = "ApiGateways", "ApiGateways", "{81285E30-3413-414D-9A74-A3502B8678A6}"
EndProject
Project("{FAE04EC0-301F-11D3-BF4B-00C04F79EFBC}") = "OcelotApiGw", "ApiGateways\OcelotApiGw\OcelotApiGw.csproj", "{0CD226F3-84E7-4474-A595-8B44BC15E53D}"
EndProject
Project("{FAE04EC0-301F-11D3-BF4B-00C04F79EFBC}") = "Shopping.Aggregator", "ApiGateways\Shopping.Aggregator\Shopping.Aggregator.csproj", "{CCFD0FFD-91A3-4778-AB9F-8AB9B185BD8A}"
EndProject
Project("{2150E333-8FDC-42A3-9474-1A3956D46DE8}") = "WebApps", "WebApps", "{45C3A95E-304B-47BF-8408-166F30BDAC78}"
EndProject
Project("{FAE04EC0-301F-11D3-BF4B-00C04F79EFBC}") = "ShoppingWebApp", "WebApps\ShoppingWebApp\ShoppingWebApp.csproj", "{5030BADC-9479-44AB-BB54-CE23C1012FD6}"
EndProject
Global
	GlobalSection(SolutionConfigurationPlatforms) = preSolution
		Debug|Any CPU = Debug|Any CPU
		Release|Any CPU = Release|Any CPU
	EndGlobalSection
	GlobalSection(NestedProjects) = preSolution
		{425F740E-64CF-49DB-A3F8-224A94AB9AD2} = {A203CE52-3A7E-4389-912E-51BF44CFBCB5}
		{69A9820B-99D2-4364-B9D2-DA4E051B7690} = {425F740E-64CF-49DB-A3F8-224A94AB9AD2}
		{FEC37A12-D7E6-4BED-B6C1-62E9A8EFABDA} = {A203CE52-3A7E-4389-912E-51BF44CFBCB5}
		{B00A1BE3-7F52-481B-8643-A4388FAD4923} = {FEC37A12-D7E6-4BED-B6C1-62E9A8EFABDA}
		{614E6BC7-97C4-4A27-A3A1-D70C61319951} = {A203CE52-3A7E-4389-912E-51BF44CFBCB5}
		{5D382F00-6566-4C14-B386-DEFFA635DE8B} = {614E6BC7-97C4-4A27-A3A1-D70C61319951}
		{CA703D7C-B796-4AD2-AF50-45F25B19154F} = {614E6BC7-97C4-4A27-A3A1-D70C61319951}
		{74ED13B0-C1B2-4B44-B9CE-72FF2C753DE6} = {A203CE52-3A7E-4389-912E-51BF44CFBCB5}
		{C1723223-77CB-421E-9D95-97FDF6FEF36E} = {74ED13B0-C1B2-4B44-B9CE-72FF2C753DE6}
		{D4C9A998-E3DA-4BAA-BC0E-490F7564546F} = {74ED13B0-C1B2-4B44-B9CE-72FF2C753DE6}
		{14C453CD-77B6-4882-BAE8-286D40FA5301} = {74ED13B0-C1B2-4B44-B9CE-72FF2C753DE6}
		{E0359417-764A-4A4F-B5A9-53468F0AFD89} = {74ED13B0-C1B2-4B44-B9CE-72FF2C753DE6}
		{B90B9858-32BC-47BE-BE1B-4F6B448DCD07} = {83C291F6-E7EA-4FF4-AD1B-B5DF3BBE4CFC}
		{0CD226F3-84E7-4474-A595-8B44BC15E53D} = {81285E30-3413-414D-9A74-A3502B8678A6}
		{CCFD0FFD-91A3-4778-AB9F-8AB9B185BD8A} = {81285E30-3413-414D-9A74-A3502B8678A6}
		{5030BADC-9479-44AB-BB54-CE23C1012FD6} = {45C3A95E-304B-47BF-8408-166F30BDAC78}
	EndGlobalSection
	GlobalSection(ProjectConfigurationPlatforms) = postSolution
		{69A9820B-99D2-4364-B9D2-DA4E051B7690}.Debug|Any CPU.ActiveCfg = Debug|Any CPU
		{69A9820B-99D2-4364-B9D2-DA4E051B7690}.Debug|Any CPU.Build.0 = Debug|Any CPU
		{69A9820B-99D2-4364-B9D2-DA4E051B7690}.Release|Any CPU.ActiveCfg = Release|Any CPU
		{69A9820B-99D2-4364-B9D2-DA4E051B7690}.Release|Any CPU.Build.0 = Release|Any CPU
		{B00A1BE3-7F52-481B-8643-A4388FAD4923}.Debug|Any CPU.ActiveCfg = Debug|Any CPU
		{B00A1BE3-7F52-481B-8643-A4388FAD4923}.Debug|Any CPU.Build.0 = Debug|Any CPU
		{B00A1BE3-7F52-481B-8643-A4388FAD4923}.Release|Any CPU.ActiveCfg = Release|Any CPU
		{B00A1BE3-7F52-481B-8643-A4388FAD4923}.Release|Any CPU.Build.0 = Release|Any CPU
		{5D382F00-6566-4C14-B386-DEFFA635DE8B}.Debug|Any CPU.ActiveCfg = Debug|Any CPU
		{5D382F00-6566-4C14-B386-DEFFA635DE8B}.Debug|Any CPU.Build.0 = Debug|Any CPU
		{5D382F00-6566-4C14-B386-DEFFA635DE8B}.Release|Any CPU.ActiveCfg = Release|Any CPU
		{5D382F00-6566-4C14-B386-DEFFA635DE8B}.Release|Any CPU.Build.0 = Release|Any CPU
		{CA703D7C-B796-4AD2-AF50-45F25B19154F}.Debug|Any CPU.ActiveCfg = Debug|Any CPU
		{CA703D7C-B796-4AD2-AF50-45F25B19154F}.Debug|Any CPU.Build.0 = Debug|Any CPU
		{CA703D7C-B796-4AD2-AF50-45F25B19154F}.Release|Any CPU.ActiveCfg = Release|Any CPU
		{CA703D7C-B796-4AD2-AF50-45F25B19154F}.Release|Any CPU.Build.0 = Release|Any CPU
		{C1723223-77CB-421E-9D95-97FDF6FEF36E}.Debug|Any CPU.ActiveCfg = Debug|Any CPU
		{C1723223-77CB-421E-9D95-97FDF6FEF36E}.Debug|Any CPU.Build.0 = Debug|Any CPU
		{C1723223-77CB-421E-9D95-97FDF6FEF36E}.Release|Any CPU.ActiveCfg = Release|Any CPU
		{C1723223-77CB-421E-9D95-97FDF6FEF36E}.Release|Any CPU.Build.0 = Release|Any CPU
		{D4C9A998-E3DA-4BAA-BC0E-490F7564546F}.Debug|Any CPU.ActiveCfg = Debug|Any CPU
		{D4C9A998-E3DA-4BAA-BC0E-490F7564546F}.Debug|Any CPU.Build.0 = Debug|Any CPU
		{D4C9A998-E3DA-4BAA-BC0E-490F7564546F}.Release|Any CPU.ActiveCfg = Release|Any CPU
		{D4C9A998-E3DA-4BAA-BC0E-490F7564546F}.Release|Any CPU.Build.0 = Release|Any CPU
		{14C453CD-77B6-4882-BAE8-286D40FA5301}.Debug|Any CPU.ActiveCfg = Debug|Any CPU
		{14C453CD-77B6-4882-BAE8-286D40FA5301}.Debug|Any CPU.Build.0 = Debug|Any CPU
		{14C453CD-77B6-4882-BAE8-286D40FA5301}.Release|Any CPU.ActiveCfg = Release|Any CPU
		{14C453CD-77B6-4882-BAE8-286D40FA5301}.Release|Any CPU.Build.0 = Release|Any CPU
		{E0359417-764A-4A4F-B5A9-53468F0AFD89}.Debug|Any CPU.ActiveCfg = Debug|Any CPU
		{E0359417-764A-4A4F-B5A9-53468F0AFD89}.Debug|Any CPU.Build.0 = Debug|Any CPU
		{E0359417-764A-4A4F-B5A9-53468F0AFD89}.Release|Any CPU.ActiveCfg = Release|Any CPU
		{E0359417-764A-4A4F-B5A9-53468F0AFD89}.Release|Any CPU.Build.0 = Release|Any CPU
		{B90B9858-32BC-47BE-BE1B-4F6B448DCD07}.Debug|Any CPU.ActiveCfg = Debug|Any CPU
		{B90B9858-32BC-47BE-BE1B-4F6B448DCD07}.Debug|Any CPU.Build.0 = Debug|Any CPU
		{B90B9858-32BC-47BE-BE1B-4F6B448DCD07}.Release|Any CPU.ActiveCfg = Release|Any CPU
		{B90B9858-32BC-47BE-BE1B-4F6B448DCD07}.Release|Any CPU.Build.0 = Release|Any CPU
		{0CD226F3-84E7-4474-A595-8B44BC15E53D}.Debug|Any CPU.ActiveCfg = Debug|Any CPU
		{0CD226F3-84E7-4474-A595-8B44BC15E53D}.Debug|Any CPU.Build.0 = Debug|Any CPU
		{0CD226F3-84E7-4474-A595-8B44BC15E53D}.Release|Any CPU.ActiveCfg = Release|Any CPU
		{0CD226F3-84E7-4474-A595-8B44BC15E53D}.Release|Any CPU.Build.0 = Release|Any CPU
		{CCFD0FFD-91A3-4778-AB9F-8AB9B185BD8A}.Debug|Any CPU.ActiveCfg = Debug|Any CPU
		{CCFD0FFD-91A3-4778-AB9F-8AB9B185BD8A}.Debug|Any CPU.Build.0 = Debug|Any CPU
		{CCFD0FFD-91A3-4778-AB9F-8AB9B185BD8A}.Release|Any CPU.ActiveCfg = Release|Any CPU
		{CCFD0FFD-91A3-4778-AB9F-8AB9B185BD8A}.Release|Any CPU.Build.0 = Release|Any CPU
		{5030BADC-9479-44AB-BB54-CE23C1012FD6}.Debug|Any CPU.ActiveCfg = Debug|Any CPU
		{5030BADC-9479-44AB-BB54-CE23C1012FD6}.Debug|Any CPU.Build.0 = Debug|Any CPU
		{5030BADC-9479-44AB-BB54-CE23C1012FD6}.Release|Any CPU.ActiveCfg = Release|Any CPU
		{5030BADC-9479-44AB-BB54-CE23C1012FD6}.Release|Any CPU.Build.0 = Release|Any CPU
	EndGlobalSection
EndGlobal
